// !$*UTF8*$!
{
	archiveVersion = 1;
	classes = {
	};
	objectVersion = 46;
	objects = {

/* Begin PBXBuildFile section */
		A1AF30EF1F4FBB9E00F1C37A /* AppDelegate.swift in Sources */ = {isa = PBXBuildFile; fileRef = A1AF30EE1F4FBB9E00F1C37A /* AppDelegate.swift */; };
		A1AF30F11F4FBB9E00F1C37A /* ViewController.swift in Sources */ = {isa = PBXBuildFile; fileRef = A1AF30F01F4FBB9E00F1C37A /* ViewController.swift */; };
		A1AF30F41F4FBB9E00F1C37A /* Main.storyboard in Resources */ = {isa = PBXBuildFile; fileRef = A1AF30F21F4FBB9E00F1C37A /* Main.storyboard */; };
		A1AF30F61F4FBB9E00F1C37A /* Assets.xcassets in Resources */ = {isa = PBXBuildFile; fileRef = A1AF30F51F4FBB9E00F1C37A /* Assets.xcassets */; };
		A1AF30F91F4FBB9E00F1C37A /* LaunchScreen.storyboard in Resources */ = {isa = PBXBuildFile; fileRef = A1AF30F71F4FBB9E00F1C37A /* LaunchScreen.storyboard */; };
/* End PBXBuildFile section */

/* Begin PBXFileReference section */
		A1AF30EB1F4FBB9E00F1C37A /* pokedex.app */ = {isa = PBXFileReference; explicitFileType = wrapper.application; includeInIndex = 0; path = pokedex.app; sourceTree = BUILT_PRODUCTS_DIR; };
		A1AF30EE1F4FBB9E00F1C37A /* AppDelegate.swift */ = {isa = PBXFileReference; lastKnownFileType = sourcecode.swift; path = AppDelegate.swift; sourceTree = "<group>"; };
		A1AF30F01F4FBB9E00F1C37A /* ViewController.swift */ = {isa = PBXFileReference; lastKnownFileType = sourcecode.swift; path = ViewController.swift; sourceTree = "<group>"; };
		A1AF30F31F4FBB9E00F1C37A /* Base */ = {isa = PBXFileReference; lastKnownFileType = file.storyboard; name = Base; path = Base.lproj/Main.storyboard; sourceTree = "<group>"; };
		A1AF30F51F4FBB9E00F1C37A /* Assets.xcassets */ = {isa = PBXFileReference; lastKnownFileType = folder.assetcatalog; path = Assets.xcassets; sourceTree = "<group>"; };
		A1AF30F81F4FBB9E00F1C37A /* Base */ = {isa = PBXFileReference; lastKnownFileType = file.storyboard; name = Base; path = Base.lproj/LaunchScreen.storyboard; sourceTree = "<group>"; };
		A1AF30FA1F4FBB9E00F1C37A /* Info.plist */ = {isa = PBXFileReference; lastKnownFileType = text.plist.xml; path = Info.plist; sourceTree = "<group>"; };
/* End PBXFileReference section */

/* Begin PBXFrameworksBuildPhase section */
		A1AF30E81F4FBB9E00F1C37A /* Frameworks */ = {
			isa = PBXFrameworksBuildPhase;
			buildActionMask = 2147483647;
			files = (
			);
			runOnlyForDeploymentPostprocessing = 0;
		};
/* End PBXFrameworksBuildPhase section */

/* Begin PBXGroup section */
		A1AF30E21F4FBB9E00F1C37A = {
			isa = PBXGroup;
			children = (
				A1AF30ED1F4FBB9E00F1C37A /* pokedex */,
				A1AF30EC1F4FBB9E00F1C37A /* Products */,
			);
			sourceTree = "<group>";
		};
		A1AF30EC1F4FBB9E00F1C37A /* Products */ = {
			isa = PBXGroup;
			children = (
				A1AF30EB1F4FBB9E00F1C37A /* pokedex.app */,
			);
			name = Products;
			sourceTree = "<group>";
		};
		A1AF30ED1F4FBB9E00F1C37A /* pokedex */ = {
			isa = PBXGroup;
			children = (
				A1AF30EE1F4FBB9E00F1C37A /* AppDelegate.swift */,
				A1AF30F01F4FBB9E00F1C37A /* ViewController.swift */,
				A1AF30F21F4FBB9E00F1C37A /* Main.storyboard */,
				A1AF30F51F4FBB9E00F1C37A /* Assets.xcassets */,
				A1AF30F71F4FBB9E00F1C37A /* LaunchScreen.storyboard */,
				A1AF30FA1F4FBB9E00F1C37A /* Info.plist */,
			);
			path = pokedex;
			sourceTree = "<group>";
		};
/* End PBXGroup section */

/* Begin PBXNativeTarget section */
		A1AF30EA1F4FBB9E00F1C37A /* pokedex */ = {
			isa = PBXNativeTarget;
			buildConfigurationList = A1AF30FD1F4FBB9E00F1C37A /* Build configuration list for PBXNativeTarget "pokedex" */;
			buildPhases = (
				A1AF30E71F4FBB9E00F1C37A /* Sources */,
				A1AF30E81F4FBB9E00F1C37A /* Frameworks */,
				A1AF30E91F4FBB9E00F1C37A /* Resources */,
			);
			buildRules = (
			);
			dependencies = (
			);
			name = pokedex;
			productName = pokedex;
			productReference = A1AF30EB1F4FBB9E00F1C37A /* pokedex.app */;
			productType = "com.apple.product-type.application";
		};
/* End PBXNativeTarget section */

/* Begin PBXProject section */
		A1AF30E31F4FBB9E00F1C37A /* Project object */ = {
			isa = PBXProject;
			attributes = {
				LastSwiftUpdateCheck = 0830;
				LastUpgradeCheck = 0830;
				ORGANIZATIONNAME = "Çağlar Uslu";
				TargetAttributes = {
					A1AF30EA1F4FBB9E00F1C37A = {
						CreatedOnToolsVersion = 8.3.3;
						DevelopmentTeam = 56WHYXB63K;
						ProvisioningStyle = Automatic;
					};
				};
			};
			buildConfigurationList = A1AF30E61F4FBB9E00F1C37A /* Build configuration list for PBXProject "pokedex" */;
			compatibilityVersion = "Xcode 3.2";
			developmentRegion = English;
			hasScannedForEncodings = 0;
			knownRegions = (
				en,
				Base,
			);
			mainGroup = A1AF30E21F4FBB9E00F1C37A;
			productRefGroup = A1AF30EC1F4FBB9E00F1C37A /* Products */;
			projectDirPath = "";
			projectRoot = "";
			targets = (
				A1AF30EA1F4FBB9E00F1C37A /* pokedex */,
			);
		};
/* End PBXProject section */

/* Begin PBXResourcesBuildPhase section */
		A1AF30E91F4FBB9E00F1C37A /* Resources */ = {
			isa = PBXResourcesBuildPhase;
			buildActionMask = 2147483647;
			files = (
				A1AF30F91F4FBB9E00F1C37A /* LaunchScreen.storyboard in Resources */,
				A1AF30F61F4FBB9E00F1C37A /* Assets.xcassets in Resources */,
				A1AF30F41F4FBB9E00F1C37A /* Main.storyboard in Resources */,
			);
			runOnlyForDeploymentPostprocessing = 0;
		};
/* End PBXResourcesBuildPhase section */

/* Begin PBXSourcesBuildPhase section */
		A1AF30E71F4FBB9E00F1C37A /* Sources */ = {
			isa = PBXSourcesBuildPhase;
			buildActionMask = 2147483647;
			files = (
				A1AF30F11F4FBB9E00F1C37A /* ViewController.swift in Sources */,
				A1AF30EF1F4FBB9E00F1C37A /* AppDelegate.swift in Sources */,
			);
			runOnlyForDeploymentPostprocessing = 0;
		};
/* End PBXSourcesBuildPhase section */

/* Begin PBXVariantGroup section */
		A1AF30F21F4FBB9E00F1C37A /* Main.storyboard */ = {
			isa = PBXVariantGroup;
			children = (
				A1AF30F31F4FBB9E00F1C37A /* Base */,
			);
			name = Main.storyboard;
			sourceTree = "<group>";
		};
		A1AF30F71F4FBB9E00F1C37A /* LaunchScreen.storyboard */ = {
			isa = PBXVariantGroup;
			children = (
				A1AF30F81F4FBB9E00F1C37A /* Base */,
			);
			name = LaunchScreen.storyboard;
			sourceTree = "<group>";
		};
/* End PBXVariantGroup section */

/* Begin XCBuildConfiguration section */
		A1AF30FB1F4FBB9E00F1C37A /* Debug */ = {
			isa = XCBuildConfiguration;
			buildSettings = {
				ALWAYS_SEARCH_USER_PATHS = NO;
				CLANG_ANALYZER_NONNULL = YES;
				CLANG_ANALYZER_NUMBER_OBJECT_CONVERSION = YES_AGGRESSIVE;
				CLANG_CXX_LANGUAGE_STANDARD = "gnu++0x";
				CLANG_CXX_LIBRARY = "libc++";
				CLANG_ENABLE_MODULES = YES;
				CLANG_ENABLE_OBJC_ARC = YES;
				CLANG_WARN_BOOL_CONVERSION = YES;
				CLANG_WARN_CONSTANT_CONVERSION = YES;
				CLANG_WARN_DIRECT_OBJC_ISA_USAGE = YES_ERROR;
				CLANG_WARN_DOCUMENTATION_COMMENTS = YES;
				CLANG_WARN_EMPTY_BODY = YES;
				CLANG_WARN_ENUM_CONVERSION = YES;
				CLANG_WARN_INFINITE_RECURSION = YES;
				CLANG_WARN_INT_CONVERSION = YES;
				CLANG_WARN_OBJC_ROOT_CLASS = YES_ERROR;
				CLANG_WARN_SUSPICIOUS_MOVE = YES;
				CLANG_WARN_UNREACHABLE_CODE = YES;
				CLANG_WARN__DUPLICATE_METHOD_MATCH = YES;
				"CODE_SIGN_IDENTITY[sdk=iphoneos*]" = "iPhone Developer";
				COPY_PHASE_STRIP = NO;
				DEBUG_INFORMATION_FORMAT = dwarf;
				ENABLE_STRICT_OBJC_MSGSEND = YES;
				ENABLE_TESTABILITY = YES;
				GCC_C_LANGUAGE_STANDARD = gnu99;
				GCC_DYNAMIC_NO_PIC = NO;
				GCC_NO_COMMON_BLOCKS = YES;
				GCC_OPTIMIZATION_LEVEL = 0;
				GCC_PREPROCESSOR_DEFINITIONS = (
					"DEBUG=1",
					"$(inherited)",
				);
				GCC_WARN_64_TO_32_BIT_CONVERSION = YES;
				GCC_WARN_ABOUT_RETURN_TYPE = YES_ERROR;
				GCC_WARN_UNDECLARED_SELECTOR = YES;
				GCC_WARN_UNINITIALIZED_AUTOS = YES_AGGRESSIVE;
				GCC_WARN_UNUSED_FUNCTION = YES;
				GCC_WARN_UNUSED_VARIABLE = YES;
				IPHONEOS_DEPLOYMENT_TARGET = 10.3;
				MTL_ENABLE_DEBUG_INFO = YES;
				ONLY_ACTIVE_ARCH = YES;
				SDKROOT = iphoneos;
				SWIFT_ACTIVE_COMPILATION_CONDITIONS = DEBUG;
				SWIFT_OPTIMIZATION_LEVEL = "-Onone";
				TARGETED_DEVICE_FAMILY = "1,2";
			};
			name = Debug;
		};
		A1AF30FC1F4FBB9E00F1C37A /* Release */ = {
			isa = XCBuildConfiguration;
			buildSettings = {
				ALWAYS_SEARCH_USER_PATHS = NO;
				CLANG_ANALYZER_NONNULL = YES;
				CLANG_ANALYZER_NUMBER_OBJECT_CONVERSION = YES_AGGRESSIVE;
				CLANG_CXX_LANGUAGE_STANDARD = "gnu++0x";
				CLANG_CXX_LIBRARY = "libc++";
				CLANG_ENABLE_MODULES = YES;
				CLANG_ENABLE_OBJC_ARC = YES;
				CLANG_WARN_BOOL_CONVERSION = YES;
				CLANG_WARN_CONSTANT_CONVERSION = YES;
				CLANG_WARN_DIRECT_OBJC_ISA_USAGE = YES_ERROR;
				CLANG_WARN_DOCUMENTATION_COMMENTS = YES;
				CLANG_WARN_EMPTY_BODY = YES;
				CLANG_WARN_ENUM_CONVERSION = YES;
				CLANG_WARN_INFINITE_RECURSION = YES;
				CLANG_WARN_INT_CONVERSION = YES;
				CLANG_WARN_OBJC_ROOT_CLASS = YES_ERROR;
				CLANG_WARN_SUSPICIOUS_MOVE = YES;
				CLANG_WARN_UNREACHABLE_CODE = YES;
				CLANG_WARN__DUPLICATE_METHOD_MATCH = YES;
				"CODE_SIGN_IDENTITY[sdk=iphoneos*]" = "iPhone Developer";
				COPY_PHASE_STRIP = NO;
				DEBUG_INFORMATION_FORMAT = "dwarf-with-dsym";
				ENABLE_NS_ASSERTIONS = NO;
				ENABLE_STRICT_OBJC_MSGSEND = YES;
				GCC_C_LANGUAGE_STANDARD = gnu99;
				GCC_NO_COMMON_BLOCKS = YES;
				GCC_WARN_64_TO_32_BIT_CONVERSION = YES;
				GCC_WARN_ABOUT_RETURN_TYPE = YES_ERROR;
				GCC_WARN_UNDECLARED_SELECTOR = YES;
				GCC_WARN_UNINITIALIZED_AUTOS = YES_AGGRESSIVE;
				GCC_WARN_UNUSED_FUNCTION = YES;
				GCC_WARN_UNUSED_VARIABLE = YES;
				IPHONEOS_DEPLOYMENT_TARGET = 10.3;
				MTL_ENABLE_DEBUG_INFO = NO;
				SDKROOT = iphoneos;
				SWIFT_OPTIMIZATION_LEVEL = "-Owholemodule";
				TARGETED_DEVICE_FAMILY = "1,2";
				VALIDATE_PRODUCT = YES;
			};
			name = Release;
		};
		A1AF30FE1F4FBB9E00F1C37A /* Debug */ = {
			isa = XCBuildConfiguration;
			buildSettings = {
				ASSETCATALOG_COMPILER_APPICON_NAME = AppIcon;
				DEVELOPMENT_TEAM = 56WHYXB63K;
				INFOPLIST_FILE = pokedex/Info.plist;
				LD_RUNPATH_SEARCH_PATHS = "$(inherited) @executable_path/Frameworks";
				PRODUCT_BUNDLE_IDENTIFIER = com.caglaruslu.pokedex;
				PRODUCT_NAME = "$(TARGET_NAME)";
				SWIFT_VERSION = 3.0;
			};
			name = Debug;
		};
		A1AF30FF1F4FBB9E00F1C37A /* Release */ = {
			isa = XCBuildConfiguration;
			buildSettings = {
				ASSETCATALOG_COMPILER_APPICON_NAME = AppIcon;
				DEVELOPMENT_TEAM = 56WHYXB63K;
				INFOPLIST_FILE = pokedex/Info.plist;
				LD_RUNPATH_SEARCH_PATHS = "$(inherited) @executable_path/Frameworks";
				PRODUCT_BUNDLE_IDENTIFIER = com.caglaruslu.pokedex;
				PRODUCT_NAME = "$(TARGET_NAME)";
				SWIFT_VERSION = 3.0;
			};
			name = Release;
		};
/* End XCBuildConfiguration section */

/* Begin XCConfigurationList section */
		A1AF30E61F4FBB9E00F1C37A /* Build configuration list for PBXProject "pokedex" */ = {
			isa = XCConfigurationList;
			buildConfigurations = (
				A1AF30FB1F4FBB9E00F1C37A /* Debug */,
				A1AF30FC1F4FBB9E00F1C37A /* Release */,
			);
			defaultConfigurationIsVisible = 0;
			defaultConfigurationName = Release;
		};
		A1AF30FD1F4FBB9E00F1C37A /* Build configuration list for PBXNativeTarget "pokedex" */ = {
			isa = XCConfigurationList;
			buildConfigurations = (
				A1AF30FE1F4FBB9E00F1C37A /* Debug */,
				A1AF30FF1F4FBB9E00F1C37A /* Release */,
			);
			defaultConfigurationIsVisible = 0;
		};
/* End XCConfigurationList section */
	};
	rootObject = A1AF30E31F4FBB9E00F1C37A /* Project object */;
}
